
Microsoft Visual Studio Solution File, Format Version 12.00
# Visual Studio Version 17
VisualStudioVersion = 17.7.34031.279
MinimumVisualStudioVersion = 10.0.40219.1
Project("{FAE04EC0-301F-11D3-BF4B-00C04F79EFBC}") = "CryptoTraderDataHelperAPI", "CryptoTraderDataHelperAPI\CryptoTraderDataHelperAPI.csproj", "{E97FD9D0-4773-416A-B36F-2C4157069AA7}"
EndProject
Global
	GlobalSection(SolutionConfigurationPlatforms) = preSolution
		Debug|Any CPU = Debug|Any CPU
		Release|Any CPU = Release|Any CPU
	EndGlobalSection
	GlobalSection(ProjectConfigurationPlatforms) = postSolution
		{E97FD9D0-4773-416A-B36F-2C4157069AA7}.Debug|Any CPU.ActiveCfg = Debug|Any CPU
		{E97FD9D0-4773-416A-B36F-2C4157069AA7}.Debug|Any CPU.Build.0 = Debug|Any CPU
		{E97FD9D0-4773-416A-B36F-2C4157069AA7}.Release|Any CPU.ActiveCfg = Release|Any CPU
		{E97FD9D0-4773-416A-B36F-2C4157069AA7}.Release|Any CPU.Build.0 = Release|Any CPU
	EndGlobalSection
	GlobalSection(SolutionProperties) = preSolution
		HideSolutionNode = FALSE
	EndGlobalSection
	GlobalSection(ExtensibilityGlobals) = postSolution
		SolutionGuid = {4A9CFEA7-F515-4160-B349-FE79526491A6}
	EndGlobalSection
EndGlobal
